
Microsoft Visual Studio Solution File, Format Version 12.00
# Visual Studio Version 17
VisualStudioVersion = 17.13.35931.197
MinimumVisualStudioVersion = 10.0.40219.1
Project("{FAE04EC0-301F-11D3-BF4B-00C04F79EFBC}") = "IIA_Camera_Web", "IIA_01\IIA_Camera_Web.csproj", "{09CDF311-973E-48F6-A50A-2D2EFB66B25A}"
EndProject
Global
	GlobalSection(SolutionConfigurationPlatforms) = preSolution
		Debug|Any CPU = Debug|Any CPU
		Release|Any CPU = Release|Any CPU
	EndGlobalSection
	GlobalSection(ProjectConfigurationPlatforms) = postSolution
		{09CDF311-973E-48F6-A50A-2D2EFB66B25A}.Debug|Any CPU.ActiveCfg = Debug|Any CPU
		{09CDF311-973E-48F6-A50A-2D2EFB66B25A}.Debug|Any CPU.Build.0 = Debug|Any CPU
		{09CDF311-973E-48F6-A50A-2D2EFB66B25A}.Release|Any CPU.ActiveCfg = Release|Any CPU
		{09CDF311-973E-48F6-A50A-2D2EFB66B25A}.Release|Any CPU.Build.0 = Release|Any CPU
	EndGlobalSection
	GlobalSection(SolutionProperties) = preSolution
		HideSolutionNode = FALSE
	EndGlobalSection
	GlobalSection(ExtensibilityGlobals) = postSolution
		SolutionGuid = {45F3DA7E-CB6D-4549-9AA4-7A2C46F29E19}
	EndGlobalSection
EndGlobal
